
Microsoft Visual Studio Solution File, Format Version 12.00
# Visual Studio Version 16
VisualStudioVersion = 16.0.30413.136
MinimumVisualStudioVersion = 10.0.40219.1
Project("{9A19103F-16F7-4668-BE54-9A1E7A4F7556}") = "HelloWorld", "HelloWorld\HelloWorld.csproj", "{D9AC2E52-2B44-4716-9BF8-304A1B897B5F}"
EndProject
Project("{9A19103F-16F7-4668-BE54-9A1E7A4F7556}") = "MetodUppgift", "MetodUppgift\MetodUppgift.csproj", "{5807A686-F302-46CE-AF6A-B4D3F29E4325}"
EndProject
Project("{FAE04EC0-301F-11D3-BF4B-00C04F79EFBC}") = "OOPIntro", "OOPIntro\OOPIntro.csproj", "{D5E98036-8579-46D9-A0AF-BD2033A1A319}"
EndProject
Global
	GlobalSection(SolutionConfigurationPlatforms) = preSolution
		Debug|Any CPU = Debug|Any CPU
		Release|Any CPU = Release|Any CPU
	EndGlobalSection
	GlobalSection(ProjectConfigurationPlatforms) = postSolution
		{D9AC2E52-2B44-4716-9BF8-304A1B897B5F}.Debug|Any CPU.ActiveCfg = Debug|Any CPU
		{D9AC2E52-2B44-4716-9BF8-304A1B897B5F}.Debug|Any CPU.Build.0 = Debug|Any CPU
		{D9AC2E52-2B44-4716-9BF8-304A1B897B5F}.Release|Any CPU.ActiveCfg = Release|Any CPU
		{D9AC2E52-2B44-4716-9BF8-304A1B897B5F}.Release|Any CPU.Build.0 = Release|Any CPU
		{5807A686-F302-46CE-AF6A-B4D3F29E4325}.Debug|Any CPU.ActiveCfg = Debug|Any CPU
		{5807A686-F302-46CE-AF6A-B4D3F29E4325}.Debug|Any CPU.Build.0 = Debug|Any CPU
		{5807A686-F302-46CE-AF6A-B4D3F29E4325}.Release|Any CPU.ActiveCfg = Release|Any CPU
		{5807A686-F302-46CE-AF6A-B4D3F29E4325}.Release|Any CPU.Build.0 = Release|Any CPU
		{D5E98036-8579-46D9-A0AF-BD2033A1A319}.Debug|Any CPU.ActiveCfg = Debug|Any CPU
		{D5E98036-8579-46D9-A0AF-BD2033A1A319}.Debug|Any CPU.Build.0 = Debug|Any CPU
		{D5E98036-8579-46D9-A0AF-BD2033A1A319}.Release|Any CPU.ActiveCfg = Release|Any CPU
		{D5E98036-8579-46D9-A0AF-BD2033A1A319}.Release|Any CPU.Build.0 = Release|Any CPU
	EndGlobalSection
	GlobalSection(SolutionProperties) = preSolution
		HideSolutionNode = FALSE
	EndGlobalSection
	GlobalSection(ExtensibilityGlobals) = postSolution
		SolutionGuid = {DE18888E-6848-4F11-A754-EFDE6C117F69}
	EndGlobalSection
EndGlobal
